github.com/sxmxta/engrel-one v1.0.1 h1:xUZgjWM1dzENecegh8n7QxZcJznRwU6wYPlm4Hhtdp4=
github.com/sxmxta/engrel-one v1.0.1/go.mod h1:WQfk5sv5+ed+S9TgoSntnTLlv13V5xR+GFK2O1B++3w=
github.com/sxmxta/engrel-two v1.0.3 h1:5pcJWMyx9PL8JKel5NW6kD4DQwVzHOPceHTLPKt97jA=
github.com/sxmxta/engrel-two v1.0.3/go.mod h1:PWushZ+SUmx5qV/FNgUNEbakaSJ3i0DlKKOqDMRzTy4=
