github.com/sxmxta/engrel-four v1.0.5 h1:EHoJZFZEy/ZHdcuBXnsxn/XVPTSd8Dn7PMvmJ7g62So=
github.com/sxmxta/engrel-four v1.0.5/go.mod h1:HiXrSjfDQ4ThSpnsAgvlnxW8nC29wL7FVKtRQU6Scm0=
github.com/sxmxta/engrel-one v1.0.18 h1:kB5JZkLhmg5VQF7/apoirTH1ItI+FgNi09LfXH1g3VY=
github.com/sxmxta/engrel-one v1.0.18/go.mod h1:WQfk5sv5+ed+S9TgoSntnTLlv13V5xR+GFK2O1B++3w=
github.com/sxmxta/engrel-two v1.0.22 h1:tXTWuizz17HR18Et3DAOF7tzHv6uKlPMyhlyABxyt1Y=
github.com/sxmxta/engrel-two v1.0.22/go.mod h1:UqccLKSRfyacUdeOW5GjZI0syycLPIXKCi9PYJEr8mY=
